# THIS IS AN AUTOGENERATED FILE. DO NOT EDIT THIS FILE DIRECTLY.
# yarn lockfile v1


"@openzeppelin/contracts@^3.4.1":
  version "3.4.1"
  resolved "https://registry.yarnpkg.com/@openzeppelin/contracts/-/contracts-3.4.1.tgz#03c891fec7f93be0ae44ed74e57a122a38732ce7"
  integrity sha512-cUriqMauq1ylzP2TxePNdPqkwI7Le3Annh4K9rrpvKfSBB/bdW+Iu1ihBaTIABTAAJ85LmKL5SSPPL9ry8d1gQ==

truffle-test-helpers@^0.2.2:
  version "0.2.2"
  resolved "https://registry.yarnpkg.com/truffle-test-helpers/-/truffle-test-helpers-0.2.2.tgz#8ea6c36f7c5b52559ef135eb4721f55f6600dad1"
  integrity sha512-FTGMt9Q3whD6IGDlkSHLpAvD94vN6IpnXa/gaxR0PxNFGFfIWvw1p506sRDD8/JHlg21jk5ztHvfHpXD3+HGKw==
